[[package]]
name = "certifi"
version = "2021.5.30"
description = "Python package for providing Mozilla's CA Bundle."
category = "main"
optional = false
python-versions = "*"

[[package]]
name = "charset-normalizer"
version = "2.0.6"
description = "The Real First Universal Charset Detector. Open, modern and actively maintained alternative to Chardet."
category = "main"
optional = false
python-versions = ">=3.5.0"

[package.extras]
unicode_backport = ["unicodedata2"]

[[package]]
name = "grpcio"
version = "1.40.0"
description = "HTTP/2-based RPC framework"
category = "main"
optional = false
python-versions = "*"

[package.dependencies]
six = ">=1.5.2"

[package.extras]
protobuf = ["grpcio-tools (>=1.40.0)"]

[[package]]
name = "grpcio-tools"
version = "1.40.0"
description = "Protobuf code generator for gRPC"
category = "main"
optional = false
python-versions = "*"

[package.dependencies]
grpcio = ">=1.40.0"
protobuf = ">=3.5.0.post1,<4.0dev"

[[package]]
name = "idna"
version = "3.2"
description = "Internationalized Domain Names in Applications (IDNA)"
category = "main"
optional = false
python-versions = ">=3.5"

[[package]]
name = "joblib"
version = "1.0.1"
description = "Lightweight pipelining with Python functions"
category = "main"
optional = false
python-versions = ">=3.6"

[[package]]
name = "mantik"
version = "0.3.0"
description = ""
category = "main"
optional = false
python-versions = ">=3.7,<3.8"

[package.dependencies]
mnp = "0.3.0"
msgpack = ">=1.0.2,<2.0.0"
pyyaml = ">=5.4.1,<6.0.0"
requests = ">=2.25.1,<3.0.0"

[[package]]
name = "mnp"
version = "0.3.0"
description = ""
category = "main"
optional = false
python-versions = ">=3.7,<3.8"

[package.dependencies]
grpcio = ">=1.37.1,<2.0.0"
grpcio-tools = ">=1.37.1,<2.0.0"
protobuf = ">=3.16.0,<4.0.0"

[[package]]
name = "msgpack"
version = "1.0.2"
description = "MessagePack (de)serializer."
category = "main"
optional = false
python-versions = "*"

[[package]]
name = "numpy"
version = "1.21.2"
description = "NumPy is the fundamental package for array computing with Python."
category = "main"
optional = false
python-versions = ">=3.7,<3.11"

[[package]]
name = "protobuf"
version = "3.18.0"
description = "Protocol Buffers"
category = "main"
optional = false
python-versions = "*"

[[package]]
name = "pyyaml"
version = "5.4.1"
description = "YAML parser and emitter for Python"
category = "main"
optional = false
python-versions = ">=2.7, !=3.0.*, !=3.1.*, !=3.2.*, !=3.3.*, !=3.4.*, !=3.5.*"

[[package]]
name = "requests"
version = "2.26.0"
description = "Python HTTP for Humans."
category = "main"
optional = false
python-versions = ">=2.7, !=3.0.*, !=3.1.*, !=3.2.*, !=3.3.*, !=3.4.*, !=3.5.*"

[package.dependencies]
certifi = ">=2017.4.17"
charset-normalizer = {version = ">=2.0.0,<2.1.0", markers = "python_version >= \"3\""}
idna = {version = ">=2.5,<4", markers = "python_version >= \"3\""}
urllib3 = ">=1.21.1,<1.27"

[package.extras]
socks = ["PySocks (>=1.5.6,<1.5.7 || >1.5.7)", "win-inet-pton"]
use_chardet_on_py3 = ["chardet (>=3.0.2,<5)"]

[[package]]
name = "scikit-learn"
version = "0.24.2"
description = "A set of python modules for machine learning and data mining"
category = "main"
optional = false
python-versions = ">=3.6"

[package.dependencies]
joblib = ">=0.11"
numpy = ">=1.13.3"
scipy = ">=0.19.1"
threadpoolctl = ">=2.0.0"

[package.extras]
benchmark = ["matplotlib (>=2.1.1)", "pandas (>=0.25.0)", "memory-profiler (>=0.57.0)"]
docs = ["matplotlib (>=2.1.1)", "scikit-image (>=0.13)", "pandas (>=0.25.0)", "seaborn (>=0.9.0)", "memory-profiler (>=0.57.0)", "sphinx (>=3.2.0)", "sphinx-gallery (>=0.7.0)", "numpydoc (>=1.0.0)", "Pillow (>=7.1.2)", "sphinx-prompt (>=1.3.0)"]
examples = ["matplotlib (>=2.1.1)", "scikit-image (>=0.13)", "pandas (>=0.25.0)", "seaborn (>=0.9.0)"]
tests = ["matplotlib (>=2.1.1)", "scikit-image (>=0.13)", "pandas (>=0.25.0)", "pytest (>=5.0.1)", "pytest-cov (>=2.9.0)", "flake8 (>=3.8.2)", "mypy (>=0.770)", "pyamg (>=4.0.0)"]

[[package]]
name = "scipy"
version = "1.7.1"
description = "SciPy: Scientific Library for Python"
category = "main"
optional = false
python-versions = ">=3.7,<3.10"

[package.dependencies]
numpy = ">=1.16.5,<1.23.0"

[[package]]
name = "six"
version = "1.16.0"
description = "Python 2 and 3 compatibility utilities"
category = "main"
optional = false
python-versions = ">=2.7, !=3.0.*, !=3.1.*, !=3.2.*"

[[package]]
name = "threadpoolctl"
version = "2.2.0"
description = "threadpoolctl"
category = "main"
optional = false
python-versions = ">=3.6"

[[package]]
name = "urllib3"
version = "1.26.6"
description = "HTTP library with thread-safe connection pooling, file post, and more."
category = "main"
optional = false
python-versions = ">=2.7, !=3.0.*, !=3.1.*, !=3.2.*, !=3.3.*, !=3.4.*, <4"

[package.extras]
brotli = ["brotlipy (>=0.6.0)"]
secure = ["pyOpenSSL (>=0.14)", "cryptography (>=1.3.4)", "idna (>=2.0.0)", "certifi", "ipaddress"]
socks = ["PySocks (>=1.5.6,<1.5.7 || >1.5.7,<2.0)"]

[metadata]
lock-version = "1.1"
python-versions = ">=3.7,<3.8"
content-hash = "37fd34f5888e6bdd7743d3b2f8463b01c6d6f6c4dae78c8b6bb24604dc3dda74"

[metadata.files]
certifi = [
    {file = "certifi-2021.5.30-py2.py3-none-any.whl", hash = "sha256:50b1e4f8446b06f41be7dd6338db18e0990601dce795c2b1686458aa7e8fa7d8"},
    {file = "certifi-2021.5.30.tar.gz", hash = "sha256:2bbf76fd432960138b3ef6dda3dde0544f27cbf8546c458e60baf371917ba9ee"},
]
charset-normalizer = [
    {file = "charset-normalizer-2.0.6.tar.gz", hash = "sha256:5ec46d183433dcbd0ab716f2d7f29d8dee50505b3fdb40c6b985c7c4f5a3591f"},
    {file = "charset_normalizer-2.0.6-py3-none-any.whl", hash = "sha256:5d209c0a931f215cee683b6445e2d77677e7e75e159f78def0db09d68fafcaa6"},
]
grpcio = [
    {file = "grpcio-1.40.0-cp35-cp35m-macosx_10_10_intel.whl", hash = "sha256:6f8f581787e739945e6cda101f312ea8a7e7082bdbb4993901eb828da6a49092"},
    {file = "grpcio-1.40.0-cp35-cp35m-manylinux2010_i686.whl", hash = "sha256:a4389e26a8f9338ca91effdc5436dfec67d6ecd296368dba115799ae8f8e5bdb"},
    {file = "grpcio-1.40.0-cp35-cp35m-manylinux2010_x86_64.whl", hash = "sha256:fb06708e3d173e387326abcd5182d52beb60e049db5c3d317bd85509e938afdc"},
    {file = "grpcio-1.40.0-cp35-cp35m-manylinux2014_i686.whl", hash = "sha256:f06e07161c21391682bfcac93a181a037a8aa3d561546690e9d0501189729aac"},
    {file = "grpcio-1.40.0-cp35-cp35m-manylinux2014_x86_64.whl", hash = "sha256:5ff0dcf66315f3f00e1a8eb7244c6a49bdb0cc59bef4fb65b9db8adbd78e6acb"},
    {file = "grpcio-1.40.0-cp35-cp35m-win32.whl", hash = "sha256:ba9dd97ea1738be3e81d34e6bab8ff91a0b80668a4ec81454b283d3c828cebde"},
    {file = "grpcio-1.40.0-cp35-cp35m-win_amd64.whl", hash = "sha256:e12d776a240fee3ebd002519c02d165d94ec636d3fe3d6185b361bfc9a2d3106"},
    {file = "grpcio-1.40.0-cp36-cp36m-linux_armv7l.whl", hash = "sha256:6b9b432f5665dfc802187384693b6338f05c7fc3707ebf003a89bd5132074e27"},
    {file = "grpcio-1.40.0-cp36-cp36m-macosx_10_10_x86_64.whl", hash = "sha256:886d056f5101ac513f4aefe4d21a816d98ee3f9a8e77fc3bcb4ae1a3a24efe26"},
    {file = "grpcio-1.40.0-cp36-cp36m-manylinux2010_i686.whl", hash = "sha256:b1b34e5a6f1285d1576099c663dae28c07b474015ed21e35a243aff66a0c2aed"},
    {file = "grpcio-1.40.0-cp36-cp36m-manylinux2010_x86_64.whl", hash = "sha256:17ed13d43450ef9d1f9b78cc932bcf42844ca302235b93026dfd07fb5208d146"},
    {file = "grpcio-1.40.0-cp36-cp36m-manylinux2014_i686.whl", hash = "sha256:e19de138199502d575fcec5cf68ae48815a6efe7e5c0d0b8c97eba8c77ae9f0e"},
    {file = "grpcio-1.40.0-cp36-cp36m-manylinux2014_x86_64.whl", hash = "sha256:a812164ceb48cb62c3217bd6245274e693c624cc2ac0c1b11b4cea96dab054dd"},
    {file = "grpcio-1.40.0-cp36-cp36m-manylinux_2_24_aarch64.whl", hash = "sha256:eedc8c3514c10b6f11c6f406877e424ca29610883b97bb97e33b1dd2a9077f6c"},
    {file = "grpcio-1.40.0-cp36-cp36m-win32.whl", hash = "sha256:1708a0ba90c798b4313f541ffbcc25ed47e790adaafb02111204362723dabef0"},
    {file = "grpcio-1.40.0-cp36-cp36m-win_amd64.whl", hash = "sha256:d760a66c9773780837915be85a39d2cd4ab42ef32657c5f1d28475e23ab709fc"},
    {file = "grpcio-1.40.0-cp37-cp37m-linux_armv7l.whl", hash = "sha256:8a35b5f87247c893b01abf2f4f7493a18c2c5bf8eb3923b8dd1654d8377aa1a7"},
    {file = "grpcio-1.40.0-cp37-cp37m-macosx_10_10_x86_64.whl", hash = "sha256:45704b9b5b85f9bcb027f90f2563d11d995c1b870a9ee4b3766f6c7ff6fc3505"},
    {file = "grpcio-1.40.0-cp37-cp37m-manylinux2010_i686.whl", hash = "sha256:4967949071c9e435f9565ec2f49700cebeda54836a04710fe21f7be028c0125a"},
    {file = "grpcio-1.40.0-cp37-cp37m-manylinux2010_x86_64.whl", hash = "sha256:1f9ccc9f5c0d5084d1cd917a0b5ff0142a8d269d0755592d751f8ce9e7d3d7f1"},
    {file = "grpcio-1.40.0-cp37-cp37m-manylinux2014_i686.whl", hash = "sha256:5729ca9540049f52c2e608ca110048cfabab3aeaa0d9f425361d9f8ba8506cac"},
    {file = "grpcio-1.40.0-cp37-cp37m-manylinux2014_x86_64.whl", hash = "sha256:edddc849bed3c5dfe215a9f9532a9bd9f670b57d7b8af603be80148b4c69e9a8"},
    {file = "grpcio-1.40.0-cp37-cp37m-manylinux_2_24_aarch64.whl", hash = "sha256:49155dfdf725c0862c428039123066b25ce61bd38ce50a21ce325f1735aac1bd"},
    {file = "grpcio-1.40.0-cp37-cp37m-win32.whl", hash = "sha256:913916823efa2e487b2ee9735b7759801d97fd1974bacdb1900e3bbd17f7d508"},
    {file = "grpcio-1.40.0-cp37-cp37m-win_amd64.whl", hash = "sha256:24277aab99c346ca36a1aa8589a0624e19a8e6f2b74c83f538f7bb1cc5ee8dbc"},
    {file = "grpcio-1.40.0-cp38-cp38-linux_armv7l.whl", hash = "sha256:a66a30513d2e080790244a7ac3d7a3f45001f936c5c2c9613e41e2a5d7a11794"},
    {file = "grpcio-1.40.0-cp38-cp38-macosx_10_10_x86_64.whl", hash = "sha256:e2367f2b18dd4ba64cdcd9f626a920f9ec2e8228630839dc8f4a424d461137ea"},
    {file = "grpcio-1.40.0-cp38-cp38-manylinux2010_i686.whl", hash = "sha256:27dee6dcd1c04c4e9ceea49f6143003569292209d2c24ca100166660805e2440"},
    {file = "grpcio-1.40.0-cp38-cp38-manylinux2010_x86_64.whl", hash = "sha256:d271e52038dec0db7c39ad9303442d6087c55e09b900e2931b86e837cf0cbc2e"},
    {file = "grpcio-1.40.0-cp38-cp38-manylinux2014_i686.whl", hash = "sha256:41e250ec7cd7523bf49c815b5509d5821728c26fac33681d4b0d1f5f34f59f06"},
    {file = "grpcio-1.40.0-cp38-cp38-manylinux2014_x86_64.whl", hash = "sha256:33dc4259fecb96e6eac20f760656b911bcb1616aa3e58b3a1d2f125714a2f5d3"},
    {file = "grpcio-1.40.0-cp38-cp38-manylinux_2_24_aarch64.whl", hash = "sha256:72b7b8075ee822dad4b39c150d73674c1398503d389e38981e9e35a894c476de"},
    {file = "grpcio-1.40.0-cp38-cp38-win32.whl", hash = "sha256:a93490e6eff5fce3748fb2757cb4273dc21eb1b56732b8c9640fd82c1997b215"},
    {file = "grpcio-1.40.0-cp38-cp38-win_amd64.whl", hash = "sha256:d3b4b41eb0148fca3e6e6fc61d1332a7e8e7c4074fb0d1543f0b255d7f5f1588"},
    {file = "grpcio-1.40.0-cp39-cp39-linux_armv7l.whl", hash = "sha256:fbe3b66bfa2c2f94535f6063f6db62b5b150d55a120f2f9e1175d3087429c4d9"},
    {file = "grpcio-1.40.0-cp39-cp39-macosx_10_10_x86_64.whl", hash = "sha256:ecfd80e8ea03c46b3ea7ed37d2040fcbfe739004b9e4329b8b602d06ac6fb113"},
    {file = "grpcio-1.40.0-cp39-cp39-manylinux2010_i686.whl", hash = "sha256:d487b4daf84a14741ca1dc1c061ffb11df49d13702cd169b5837fafb5e84d9c0"},
    {file = "grpcio-1.40.0-cp39-cp39-manylinux2010_x86_64.whl", hash = "sha256:c26de909cfd54bacdb7e68532a1591a128486af47ee3a5f828df9aa2165ae457"},
    {file = "grpcio-1.40.0-cp39-cp39-manylinux2014_i686.whl", hash = "sha256:1d9eabe2eb2f78208f9ae67a591f73b024488449d4e0a5b27c7fca2d6901a2d4"},
    {file = "grpcio-1.40.0-cp39-cp39-manylinux2014_x86_64.whl", hash = "sha256:4c2baa438f51152c9b7d0835ff711add0b4bc5056c0f5df581a6112153010696"},
    {file = "grpcio-1.40.0-cp39-cp39-manylinux_2_24_aarch64.whl", hash = "sha256:bf114be0023b145f7101f392a344692c1efd6de38a610c54a65ed3cba035e669"},
    {file = "grpcio-1.40.0-cp39-cp39-win32.whl", hash = "sha256:5f6d6b638698fa6decf7f040819aade677b583eaa21b43366232cb254a2bbac8"},
    {file = "grpcio-1.40.0-cp39-cp39-win_amd64.whl", hash = "sha256:005fe14e67291498989da67d454d805be31d57a988af28ed3a2a0a7cabb05c53"},
    {file = "grpcio-1.40.0.tar.gz", hash = "sha256:3d172158fe886a2604db1b6e17c2de2ab465fe0fe36aba2ec810ca8441cefe3a"},
]
grpcio-tools = [
    {file = "grpcio-tools-1.40.0.tar.gz", hash = "sha256:d440f2bc089ff628618c536904d5bc39d0b44f7afdda4c4c1ecd15fcf385bfba"},
    {file = "grpcio_tools-1.40.0-cp35-cp35m-macosx_10_10_intel.whl", hash = "sha256:ba6cc607a9cbff6a45969f6eca730612f6413634cbf70303af56e3db66021f48"},
    {file = "grpcio_tools-1.40.0-cp35-cp35m-manylinux2010_i686.whl", hash = "sha256:0531233bfa6599412ffcb711ee02a3302fcc38bd1edc03b4e2443394eea22960"},
    {file = "grpcio_tools-1.40.0-cp35-cp35m-manylinux2010_x86_64.whl", hash = "sha256:e89722df3a263acd7bb84802e556f5e5616be4e5292b0b7551a740b93360743e"},
    {file = "grpcio_tools-1.40.0-cp35-cp35m-manylinux2014_i686.whl", hash = "sha256:cea28f8fc02fdae07501aa51bf8d89f972f5bcbd87ae56755d71b1b6f9140e4d"},
    {file = "grpcio_tools-1.40.0-cp35-cp35m-manylinux2014_x86_64.whl", hash = "sha256:664ad975e16be1f4c8bfba0c7c7e24c73b5b7c6cf74a3d18825beb720841f775"},
    {file = "grpcio_tools-1.40.0-cp35-cp35m-win32.whl", hash = "sha256:8aa8a081cd8ee094231d7e263266b731bcbedd4a05cd17a5084fc5bcc6cfd7fe"},
    {file = "grpcio_tools-1.40.0-cp35-cp35m-win_amd64.whl", hash = "sha256:45794ebdec5bf7e9623806def361e61ae83f3acda5a53ff9744c13b5657a055a"},
    {file = "grpcio_tools-1.40.0-cp36-cp36m-linux_armv7l.whl", hash = "sha256:4805382c2f57bf393c2f7ec3c89391790f606249bf03cd722a875d3ba46e1b60"},
    {file = "grpcio_tools-1.40.0-cp36-cp36m-macosx_10_10_x86_64.whl", hash = "sha256:4b85c4e8037c382dacaf65defbdb4fafee5884b614ef19e03f22026ae2c4735e"},
    {file = "grpcio_tools-1.40.0-cp36-cp36m-manylinux2010_i686.whl", hash = "sha256:849ccab9b043518fe38fe2c6c6bd4c6f6a87bad9184378f5269b0158b6d35453"},
    {file = "grpcio_tools-1.40.0-cp36-cp36m-manylinux2010_x86_64.whl", hash = "sha256:cf9d79ed7dea8363c7769324d87e35f2ac67f361c98ac960e45edd76b35df679"},
    {file = "grpcio_tools-1.40.0-cp36-cp36m-manylinux2014_i686.whl", hash = "sha256:224d427ff0aacbbdd353721f545340c99d16c204d77b638a688160b331943162"},
    {file = "grpcio_tools-1.40.0-cp36-cp36m-manylinux2014_x86_64.whl", hash = "sha256:07e769dcf8938b5a355802d18b9bc0d7a7372276abce1b624e0af3b2b92e69c3"},
    {file = "grpcio_tools-1.40.0-cp36-cp36m-manylinux_2_24_aarch64.whl", hash = "sha256:ff9ae29f77f9061a9239a93c53535d7f43dfd82a1a08a96c26bf76a232c4fa46"},
    {file = "grpcio_tools-1.40.0-cp36-cp36m-win32.whl", hash = "sha256:00930e260a4900b68f8856c3813a32ec1db94666e140081831869fc92aedce46"},
    {file = "grpcio_tools-1.40.0-cp36-cp36m-win_amd64.whl", hash = "sha256:5f026c6a73476ac1506d8a4c9aa33aaecdc6ac103ed592c98e9b6cc7a123f714"},
    {file = "grpcio_tools-1.40.0-cp37-cp37m-linux_armv7l.whl", hash = "sha256:d540128b3f4cc3a6ec16f0d48019dfa325e979e6a9d96c83979d7dd0adbf50c2"},
    {file = "grpcio_tools-1.40.0-cp37-cp37m-macosx_10_10_x86_64.whl", hash = "sha256:fe262f5cc30eff3bd5a0ca93883a7fe9b1ade5c29282b86714140d6d084ab500"},
    {file = "grpcio_tools-1.40.0-cp37-cp37m-manylinux2010_i686.whl", hash = "sha256:9eb0926a21eff5a0e4444a35309a8d2fc18bb53242253f66e5a465a6adecaf48"},
    {file = "grpcio_tools-1.40.0-cp37-cp37m-manylinux2010_x86_64.whl", hash = "sha256:986dc7a49e6dc2ad2f54cb6637d18c27d2feb96e32a904cc7e861750bda1b46d"},
    {file = "grpcio_tools-1.40.0-cp37-cp37m-manylinux2014_i686.whl", hash = "sha256:168c4444f44e386d8b387825cee09278f9311ca125c32207d54c498934ce9bf0"},
    {file = "grpcio_tools-1.40.0-cp37-cp37m-manylinux2014_x86_64.whl", hash = "sha256:bd212d363909b36e32227e0bf734e49909d4e8ba8ddff934b54649e5ba6ef938"},
    {file = "grpcio_tools-1.40.0-cp37-cp37m-manylinux_2_24_aarch64.whl", hash = "sha256:01a3652601ff39027083c004fc8662beebc40ce92e6d77ed96403d3980190508"},
    {file = "grpcio_tools-1.40.0-cp37-cp37m-win32.whl", hash = "sha256:1f3f5d931815059f179c529df3dfd61040e39894f21bcc4c412f35cbefceff15"},
    {file = "grpcio_tools-1.40.0-cp37-cp37m-win_amd64.whl", hash = "sha256:05e10caf77717c59bb70282a8c7013db6ae9c1fbc3fbdf14f7d84dfd5ff18f24"},
    {file = "grpcio_tools-1.40.0-cp38-cp38-linux_armv7l.whl", hash = "sha256:47348f4f61a3a73e5304d096d22412d0ba00738307a5be0793930225c4034c18"},
    {file = "grpcio_tools-1.40.0-cp38-cp38-macosx_10_10_x86_64.whl", hash = "sha256:6b4235450b51f73db83237fdf54cca1235257eb8a84da0784513352f884bbb59"},
    {file = "grpcio_tools-1.40.0-cp38-cp38-manylinux2010_i686.whl", hash = "sha256:791084528308a9ad403801527eb79074bb45cf71321204bdb12bcd58fcd810f8"},
    {file = "grpcio_tools-1.40.0-cp38-cp38-manylinux2010_x86_64.whl", hash = "sha256:4235c3ed899c44a8b528b07a8d98261b369d2072445cea0759310dcb9be5c329"},
    {file = "grpcio_tools-1.40.0-cp38-cp38-manylinux2014_i686.whl", hash = "sha256:47c9e396636a64198d4fcdc9bc8d8ed8835bcc5cca28786f5f24de9feddbd937"},
    {file = "grpcio_tools-1.40.0-cp38-cp38-manylinux2014_x86_64.whl", hash = "sha256:1d1065d74bbfd955cdacdfc88f4e728d651ccf546c8f2703ab4de4fb864bf073"},
    {file = "grpcio_tools-1.40.0-cp38-cp38-manylinux_2_24_aarch64.whl", hash = "sha256:27c10291fc41465e7931a214b6fbede38a497af766bab71fcbb9851f67a2c49f"},
    {file = "grpcio_tools-1.40.0-cp38-cp38-win32.whl", hash = "sha256:aa681d1986c112d716586bcd51a6bb1ac459fa8a74975e9c8070123c39731221"},
    {file = "grpcio_tools-1.40.0-cp38-cp38-win_amd64.whl", hash = "sha256:ce75b5c56439f6d438f67a0c9dfeec9b4295628447a98e7fe921e26bb321a50e"},
    {file = "grpcio_tools-1.40.0-cp39-cp39-linux_armv7l.whl", hash = "sha256:93372ee8fc6e74af1db7128042ca21d8ceaa32b5de9cff73bed8dfaebdaac7ed"},
    {file = "grpcio_tools-1.40.0-cp39-cp39-macosx_10_10_x86_64.whl", hash = "sha256:f3a4bcc8bd57dbb53ec97634c5db9e459076dba8baf2c5d3a7e9e59397f0ee83"},
    {file = "grpcio_tools-1.40.0-cp39-cp39-manylinux2010_i686.whl", hash = "sha256:687ec1aa210ac6bdbf7880b34f5f61bc85c3b25db2fc323a946ff570a6a984ea"},
    {file = "grpcio_tools-1.40.0-cp39-cp39-manylinux2010_x86_64.whl", hash = "sha256:7f6ab2a9ccf50cf20e7be48531bf675b41b153cc1dcfe530c3fcbd430c44bbc9"},
    {file = "grpcio_tools-1.40.0-cp39-cp39-manylinux2014_i686.whl", hash = "sha256:a36c8ebeb348ee95376f2cf10d7530ae34593ab1132f7215e867a9e82ed8117f"},
    {file = "grpcio_tools-1.40.0-cp39-cp39-manylinux2014_x86_64.whl", hash = "sha256:f5eea943c0524a59113dd2747a13de17a7550e838f59e3fb09c1b4fa131efe27"},
    {file = "grpcio_tools-1.40.0-cp39-cp39-manylinux_2_24_aarch64.whl", hash = "sha256:76063203802e9858ec35cb454b96673a1336a8ae9e7313cc8de1a66ce3c357cf"},
    {file = "grpcio_tools-1.40.0-cp39-cp39-win32.whl", hash = "sha256:0d707e34dd86b4368391df6bbf9f7cb3649517f10655bc9ef4bc638a9c88caa5"},
    {file = "grpcio_tools-1.40.0-cp39-cp39-win_amd64.whl", hash = "sha256:fe6a3ee6667c44432859ee151da766f32fc01f91228ea5a529ae121ba44fef6f"},
]
idna = [
    {file = "idna-3.2-py3-none-any.whl", hash = "sha256:14475042e284991034cb48e06f6851428fb14c4dc953acd9be9a5e95c7b6dd7a"},
    {file = "idna-3.2.tar.gz", hash = "sha256:467fbad99067910785144ce333826c71fb0e63a425657295239737f7ecd125f3"},
]
joblib = [
    {file = "joblib-1.0.1-py3-none-any.whl", hash = "sha256:feeb1ec69c4d45129954f1b7034954241eedfd6ba39b5e9e4b6883be3332d5e5"},
    {file = "joblib-1.0.1.tar.gz", hash = "sha256:9c17567692206d2f3fb9ecf5e991084254fe631665c450b443761c4186a613f7"},
]
mantik = [
    {file = "mantik-0.3.0-py3-none-any.whl", hash = "sha256:81ea2c36c7f3cf4830b04e994dac044e950a71d2d8b3ce97a263c221a8941f9e"},
    {file = "mantik-0.3.0.tar.gz", hash = "sha256:7eb699da50bb4b6a1275927d5498b12c3450adae072a28b6b7426039e2762fad"},
]
mnp = [
    {file = "mnp-0.3.0-py3-none-any.whl", hash = "sha256:3af397d431f0fbe845523d91918ffc5bae32d26cc991bacfb6f7925b5a807607"},
    {file = "mnp-0.3.0.tar.gz", hash = "sha256:67b96afbf966fc88bd2f0113dc57f594fcee4c544079471f9aa36365dbfc270e"},
]
msgpack = [
    {file = "msgpack-1.0.2-cp35-cp35m-manylinux1_i686.whl", hash = "sha256:b6d9e2dae081aa35c44af9c4298de4ee72991305503442a5c74656d82b581fe9"},
    {file = "msgpack-1.0.2-cp35-cp35m-manylinux1_x86_64.whl", hash = "sha256:a99b144475230982aee16b3d249170f1cccebf27fb0a08e9f603b69637a62192"},
    {file = "msgpack-1.0.2-cp35-cp35m-manylinux2014_aarch64.whl", hash = "sha256:1026dcc10537d27dd2d26c327e552f05ce148977e9d7b9f1718748281b38c841"},
    {file = "msgpack-1.0.2-cp36-cp36m-macosx_10_14_x86_64.whl", hash = "sha256:fe07bc6735d08e492a327f496b7850e98cb4d112c56df69b0c844dbebcbb47f6"},
    {file = "msgpack-1.0.2-cp36-cp36m-manylinux1_i686.whl", hash = "sha256:9ea52fff0473f9f3000987f313310208c879493491ef3ccf66268eff8d5a0326"},
    {file = "msgpack-1.0.2-cp36-cp36m-manylinux1_x86_64.whl", hash = "sha256:26a1759f1a88df5f1d0b393eb582ec022326994e311ba9c5818adc5374736439"},
    {file = "msgpack-1.0.2-cp36-cp36m-manylinux2014_aarch64.whl", hash = "sha256:497d2c12426adcd27ab83144057a705efb6acc7e85957a51d43cdcf7f258900f"},
    {file = "msgpack-1.0.2-cp36-cp36m-win32.whl", hash = "sha256:e89ec55871ed5473a041c0495b7b4e6099f6263438e0bd04ccd8418f92d5d7f2"},
    {file = "msgpack-1.0.2-cp36-cp36m-win_amd64.whl", hash = "sha256:a4355d2193106c7aa77c98fc955252a737d8550320ecdb2e9ac701e15e2943bc"},
    {file = "msgpack-1.0.2-cp37-cp37m-macosx_10_14_x86_64.whl", hash = "sha256:d6c64601af8f3893d17ec233237030e3110f11b8a962cb66720bf70c0141aa54"},
    {file = "msgpack-1.0.2-cp37-cp37m-manylinux1_i686.whl", hash = "sha256:f484cd2dca68502de3704f056fa9b318c94b1539ed17a4c784266df5d6978c87"},
    {file = "msgpack-1.0.2-cp37-cp37m-manylinux1_x86_64.whl", hash = "sha256:f3e6aaf217ac1c7ce1563cf52a2f4f5d5b1f64e8729d794165db71da57257f0c"},
    {file = "msgpack-1.0.2-cp37-cp37m-manylinux2014_aarch64.whl", hash = "sha256:8521e5be9e3b93d4d5e07cb80b7e32353264d143c1f072309e1863174c6aadb1"},
    {file = "msgpack-1.0.2-cp37-cp37m-win32.whl", hash = "sha256:31c17bbf2ae5e29e48d794c693b7ca7a0c73bd4280976d408c53df421e838d2a"},
    {file = "msgpack-1.0.2-cp37-cp37m-win_amd64.whl", hash = "sha256:8ffb24a3b7518e843cd83538cf859e026d24ec41ac5721c18ed0c55101f9775b"},
    {file = "msgpack-1.0.2-cp38-cp38-macosx_10_14_x86_64.whl", hash = "sha256:b28c0876cce1466d7c2195d7658cf50e4730667196e2f1355c4209444717ee06"},
    {file = "msgpack-1.0.2-cp38-cp38-manylinux1_i686.whl", hash = "sha256:87869ba567fe371c4555d2e11e4948778ab6b59d6cc9d8460d543e4cfbbddd1c"},
    {file = "msgpack-1.0.2-cp38-cp38-manylinux1_x86_64.whl", hash = "sha256:b55f7db883530b74c857e50e149126b91bb75d35c08b28db12dcb0346f15e46e"},
    {file = "msgpack-1.0.2-cp38-cp38-manylinux2014_aarch64.whl", hash = "sha256:ac25f3e0513f6673e8b405c3a80500eb7be1cf8f57584be524c4fa78fe8e0c83"},
    {file = "msgpack-1.0.2-cp38-cp38-win32.whl", hash = "sha256:0cb94ee48675a45d3b86e61d13c1e6f1696f0183f0715544976356ff86f741d9"},
    {file = "msgpack-1.0.2-cp38-cp38-win_amd64.whl", hash = "sha256:e36a812ef4705a291cdb4a2fd352f013134f26c6ff63477f20235138d1d21009"},
    {file = "msgpack-1.0.2-cp39-cp39-macosx_10_14_x86_64.whl", hash = "sha256:2a5866bdc88d77f6e1370f82f2371c9bc6fc92fe898fa2dec0c5d4f5435a2694"},
    {file = "msgpack-1.0.2-cp39-cp39-manylinux1_i686.whl", hash = "sha256:92be4b12de4806d3c36810b0fe2aeedd8d493db39e2eb90742b9c09299eb5759"},
    {file = "msgpack-1.0.2-cp39-cp39-manylinux1_x86_64.whl", hash = "sha256:de6bd7990a2c2dabe926b7e62a92886ccbf809425c347ae7de277067f97c2887"},
    {file = "msgpack-1.0.2-cp39-cp39-manylinux2014_aarch64.whl", hash = "sha256:5a9ee2540c78659a1dd0b110f73773533ee3108d4e1219b5a15a8d635b7aca0e"},
    {file = "msgpack-1.0.2-cp39-cp39-win32.whl", hash = "sha256:c747c0cc08bd6d72a586310bda6ea72eeb28e7505990f342552315b229a19b33"},
    {file = "msgpack-1.0.2-cp39-cp39-win_amd64.whl", hash = "sha256:d8167b84af26654c1124857d71650404336f4eb5cc06900667a493fc619ddd9f"},
    {file = "msgpack-1.0.2.tar.gz", hash = "sha256:fae04496f5bc150eefad4e9571d1a76c55d021325dcd484ce45065ebbdd00984"},
]
numpy = [
    {file = "numpy-1.21.2-cp310-cp310-manylinux_2_17_aarch64.manylinux2014_aarch64.whl", hash = "sha256:52a664323273c08f3b473548bf87c8145b7513afd63e4ebba8496ecd3853df13"},
    {file = "numpy-1.21.2-cp310-cp310-manylinux_2_17_x86_64.manylinux2014_x86_64.whl", hash = "sha256:51a7b9db0a2941434cd930dacaafe0fc9da8f3d6157f9d12f761bbde93f46218"},
    {file = "numpy-1.21.2-cp37-cp37m-macosx_10_9_x86_64.whl", hash = "sha256:9f2dc79c093f6c5113718d3d90c283f11463d77daa4e83aeeac088ec6a0bda52"},
    {file = "numpy-1.21.2-cp37-cp37m-manylinux_2_12_i686.manylinux2010_i686.whl", hash = "sha256:a55e4d81c4260386f71d22294795c87609164e22b28ba0d435850fbdf82fc0c5"},
    {file = "numpy-1.21.2-cp37-cp37m-manylinux_2_12_x86_64.manylinux2010_x86_64.whl", hash = "sha256:426a00b68b0d21f2deb2ace3c6d677e611ad5a612d2c76494e24a562a930c254"},
    {file = "numpy-1.21.2-cp37-cp37m-manylinux_2_17_aarch64.manylinux2014_aarch64.whl", hash = "sha256:298156f4d3d46815eaf0fcf0a03f9625fc7631692bd1ad851517ab93c3168fc6"},
    {file = "numpy-1.21.2-cp37-cp37m-manylinux_2_5_i686.manylinux1_i686.whl", hash = "sha256:09858463db6dd9f78b2a1a05c93f3b33d4f65975771e90d2cf7aadb7c2f66edf"},
    {file = "numpy-1.21.2-cp37-cp37m-manylinux_2_5_x86_64.manylinux1_x86_64.whl", hash = "sha256:805459ad8baaf815883d0d6f86e45b3b0b67d823a8f3fa39b1ed9c45eaf5edf1"},
    {file = "numpy-1.21.2-cp37-cp37m-win32.whl", hash = "sha256:f545c082eeb09ae678dd451a1b1dbf17babd8a0d7adea02897a76e639afca310"},
    {file = "numpy-1.21.2-cp37-cp37m-win_amd64.whl", hash = "sha256:b160b9a99ecc6559d9e6d461b95c8eec21461b332f80267ad2c10394b9503496"},
    {file = "numpy-1.21.2-cp38-cp38-macosx_10_9_universal2.whl", hash = "sha256:a5109345f5ce7ddb3840f5970de71c34a0ff7fceb133c9441283bb8250f532a3"},
    {file = "numpy-1.21.2-cp38-cp38-macosx_10_9_x86_64.whl", hash = "sha256:209666ce9d4a817e8a4597cd475b71b4878a85fa4b8db41d79fdb4fdee01dde2"},
    {file = "numpy-1.21.2-cp38-cp38-macosx_11_0_arm64.whl", hash = "sha256:c01b59b33c7c3ba90744f2c695be571a3bd40ab2ba7f3d169ffa6db3cfba614f"},
    {file = "numpy-1.21.2-cp38-cp38-manylinux_2_12_i686.manylinux2010_i686.whl", hash = "sha256:e42029e184008a5fd3d819323345e25e2337b0ac7f5c135b7623308530209d57"},
    {file = "numpy-1.21.2-cp38-cp38-manylinux_2_12_x86_64.manylinux2010_x86_64.whl", hash = "sha256:7fdc7689daf3b845934d67cb221ba8d250fdca20ac0334fea32f7091b93f00d3"},
    {file = "numpy-1.21.2-cp38-cp38-manylinux_2_17_aarch64.manylinux2014_aarch64.whl", hash = "sha256:550564024dc5ceee9421a86fc0fb378aa9d222d4d0f858f6669eff7410c89bef"},
    {file = "numpy-1.21.2-cp38-cp38-manylinux_2_5_i686.manylinux1_i686.whl", hash = "sha256:bf75d5825ef47aa51d669b03ce635ecb84d69311e05eccea083f31c7570c9931"},
    {file = "numpy-1.21.2-cp38-cp38-manylinux_2_5_x86_64.manylinux1_x86_64.whl", hash = "sha256:a9da45b748caad72ea4a4ed57e9cd382089f33c5ec330a804eb420a496fa760f"},
    {file = "numpy-1.21.2-cp38-cp38-win32.whl", hash = "sha256:e167b9805de54367dcb2043519382be541117503ce99e3291cc9b41ca0a83557"},
    {file = "numpy-1.21.2-cp38-cp38-win_amd64.whl", hash = "sha256:466e682264b14982012887e90346d33435c984b7fead7b85e634903795c8fdb0"},
    {file = "numpy-1.21.2-cp39-cp39-macosx_10_9_universal2.whl", hash = "sha256:dd0e3651d210068d13e18503d75aaa45656eef51ef0b261f891788589db2cc38"},
    {file = "numpy-1.21.2-cp39-cp39-macosx_10_9_x86_64.whl", hash = "sha256:92a0ab128b07799dd5b9077a9af075a63467d03ebac6f8a93e6440abfea4120d"},
    {file = "numpy-1.21.2-cp39-cp39-macosx_11_0_arm64.whl", hash = "sha256:fde50062d67d805bc96f1a9ecc0d37bfc2a8f02b937d2c50824d186aa91f2419"},
    {file = "numpy-1.21.2-cp39-cp39-manylinux_2_12_i686.manylinux2010_i686.whl", hash = "sha256:640c1ccfd56724f2955c237b6ccce2e5b8607c3bc1cc51d3933b8c48d1da3723"},
    {file = "numpy-1.21.2-cp39-cp39-manylinux_2_12_x86_64.manylinux2010_x86_64.whl", hash = "sha256:5de64950137f3a50b76ce93556db392e8f1f954c2d8207f78a92d1f79aa9f737"},
    {file = "numpy-1.21.2-cp39-cp39-manylinux_2_17_aarch64.manylinux2014_aarch64.whl", hash = "sha256:b342064e647d099ca765f19672696ad50c953cac95b566af1492fd142283580f"},
    {file = "numpy-1.21.2-cp39-cp39-win32.whl", hash = "sha256:30fc68307c0155d2a75ad19844224be0f2c6f06572d958db4e2053f816b859ad"},
    {file = "numpy-1.21.2-cp39-cp39-win_amd64.whl", hash = "sha256:b5e8590b9245803c849e09bae070a8e1ff444f45e3f0bed558dd722119eea724"},
    {file = "numpy-1.21.2-pp37-pypy37_pp73-manylinux_2_12_x86_64.manylinux2010_x86_64.whl", hash = "sha256:d96a6a7d74af56feb11e9a443150216578ea07b7450f7c05df40eec90af7f4a7"},
    {file = "numpy-1.21.2.zip", hash = "sha256:423216d8afc5923b15df86037c6053bf030d15cc9e3224206ef868c2d63dd6dc"},
]
protobuf = [
    {file = "protobuf-3.18.0-cp36-cp36m-macosx_10_9_x86_64.whl", hash = "sha256:9072cb18fca8998b77f969fb74d25a11d7f4a39a8b1ddc3cf76cd5abda8499cb"},
    {file = "protobuf-3.18.0-cp36-cp36m-manylinux_2_17_x86_64.manylinux2014_x86_64.whl", hash = "sha256:f589346b5b3f702c1d30e2343c9897e6c35e7bd495c10a0e17d11ecb5ee5bd06"},
    {file = "protobuf-3.18.0-cp36-cp36m-win32.whl", hash = "sha256:93c077fd83879cf48f327a2491c24da447a09da6a7ab3cc311a6f5a61fcb5de0"},
    {file = "protobuf-3.18.0-cp36-cp36m-win_amd64.whl", hash = "sha256:3b5b81bb665aac548b413480f4e0d8c38a74bc4dea57835f288a3ce74f63dfe9"},
    {file = "protobuf-3.18.0-cp37-cp37m-macosx_10_9_x86_64.whl", hash = "sha256:d11465040cadcea8ecf5f0b131af5099a9696f9d0bef6f88148b372bacc1c52d"},
    {file = "protobuf-3.18.0-cp37-cp37m-manylinux2014_aarch64.whl", hash = "sha256:f6138462643adce0ed6e49007a63b7fd7dc4fda1ef4e15a70fcebe76c1407a71"},
    {file = "protobuf-3.18.0-cp37-cp37m-manylinux_2_17_x86_64.manylinux2014_x86_64.whl", hash = "sha256:877664b1b8d1e23553634f625e4e12aae4ff16cbbef473f8118c239d478f422a"},
    {file = "protobuf-3.18.0-cp37-cp37m-win32.whl", hash = "sha256:5201333b7aa711965c5769b250f8565a9924e8e27f8b622bbc5e6847aeaab1b1"},
    {file = "protobuf-3.18.0-cp37-cp37m-win_amd64.whl", hash = "sha256:1f3ecec3038c2fb4dad952d3d6cb9ca301999903a09e43794fb348da48f7577f"},
    {file = "protobuf-3.18.0-cp38-cp38-macosx_10_9_x86_64.whl", hash = "sha256:17181fc0814655812aac108e755bd5185d71aa8d81bd241cec6e232c84097918"},
    {file = "protobuf-3.18.0-cp38-cp38-manylinux2014_aarch64.whl", hash = "sha256:7646c20605fbee57e77fdbc4a90175538281b152f46ba17019916593f8062c2a"},
    {file = "protobuf-3.18.0-cp38-cp38-manylinux_2_17_x86_64.manylinux2014_x86_64.whl", hash = "sha256:80b0a5157f3a53043daf8eb7cfa1220b27a5a63dd6655dbd8e1e6f7b5dcd6347"},
    {file = "protobuf-3.18.0-cp38-cp38-win32.whl", hash = "sha256:5730de255c95b3403eedd1a568eb28203b913b6192ff5a3fdc3ff30f37107a38"},
    {file = "protobuf-3.18.0-cp38-cp38-win_amd64.whl", hash = "sha256:9147565f93e6699d7512747766598afe63205f226ac7b61f47954974c9aab852"},
    {file = "protobuf-3.18.0-cp39-cp39-macosx_10_9_x86_64.whl", hash = "sha256:568c049ff002a7523ed33fb612e6b97da002bf87ffb619a1fc3eadf2257a3b31"},
    {file = "protobuf-3.18.0-cp39-cp39-manylinux2014_aarch64.whl", hash = "sha256:7e791a94db391ae22b3943fc88f6ba0e1f62b6ad58b33db7517df576c7834d23"},
    {file = "protobuf-3.18.0-cp39-cp39-manylinux_2_17_x86_64.manylinux2014_x86_64.whl", hash = "sha256:42c04e66ec5a38ad2171639dc9860c2f9594668f709ea3a4a192acf7346853a7"},
    {file = "protobuf-3.18.0-cp39-cp39-win32.whl", hash = "sha256:0a59ea8da307118372750e2fdfe0961622e675b8dd35e05c42384d618189a938"},
    {file = "protobuf-3.18.0-cp39-cp39-win_amd64.whl", hash = "sha256:f7c8193ec805324ff6024242b00f64a24b94d56b895f62bf28a9d72a228d4fca"},
    {file = "protobuf-3.18.0-py2.py3-none-any.whl", hash = "sha256:615099e52e9fbc9fde00177267a94ca820ecf4e80093e390753568b7d8cb3c1a"},
    {file = "protobuf-3.18.0.tar.gz", hash = "sha256:18b308946a592e245299391e53c01b5b8efc2794f49986e80f37d7b5e60a270f"},
]
pyyaml = [
    {file = "PyYAML-5.4.1-cp27-cp27m-macosx_10_9_x86_64.whl", hash = "sha256:3b2b1824fe7112845700f815ff6a489360226a5609b96ec2190a45e62a9fc922"},
    {file = "PyYAML-5.4.1-cp27-cp27m-win32.whl", hash = "sha256:129def1b7c1bf22faffd67b8f3724645203b79d8f4cc81f674654d9902cb4393"},
    {file = "PyYAML-5.4.1-cp27-cp27m-win_amd64.whl", hash = "sha256:4465124ef1b18d9ace298060f4eccc64b0850899ac4ac53294547536533800c8"},
    {file = "PyYAML-5.4.1-cp27-cp27mu-manylinux1_x86_64.whl", hash = "sha256:bb4191dfc9306777bc594117aee052446b3fa88737cd13b7188d0e7aa8162185"},
    {file = "PyYAML-5.4.1-cp36-cp36m-macosx_10_9_x86_64.whl", hash = "sha256:6c78645d400265a062508ae399b60b8c167bf003db364ecb26dcab2bda048253"},
    {file = "PyYAML-5.4.1-cp36-cp36m-manylinux1_x86_64.whl", hash = "sha256:4e0583d24c881e14342eaf4ec5fbc97f934b999a6828693a99157fde912540cc"},
    {file = "PyYAML-5.4.1-cp36-cp36m-manylinux2014_aarch64.whl", hash = "sha256:72a01f726a9c7851ca9bfad6fd09ca4e090a023c00945ea05ba1638c09dc3347"},
    {file = "PyYAML-5.4.1-cp36-cp36m-manylinux2014_s390x.whl", hash = "sha256:895f61ef02e8fed38159bb70f7e100e00f471eae2bc838cd0f4ebb21e28f8541"},
    {file = "PyYAML-5.4.1-cp36-cp36m-win32.whl", hash = "sha256:3bd0e463264cf257d1ffd2e40223b197271046d09dadf73a0fe82b9c1fc385a5"},
    {file = "PyYAML-5.4.1-cp36-cp36m-win_amd64.whl", hash = "sha256:e4fac90784481d221a8e4b1162afa7c47ed953be40d31ab4629ae917510051df"},
    {file = "PyYAML-5.4.1-cp37-cp37m-macosx_10_9_x86_64.whl", hash = "sha256:5accb17103e43963b80e6f837831f38d314a0495500067cb25afab2e8d7a4018"},
    {file = "PyYAML-5.4.1-cp37-cp37m-manylinux1_x86_64.whl", hash = "sha256:e1d4970ea66be07ae37a3c2e48b5ec63f7ba6804bdddfdbd3cfd954d25a82e63"},
    {file = "PyYAML-5.4.1-cp37-cp37m-manylinux2014_aarch64.whl", hash = "sha256:cb333c16912324fd5f769fff6bc5de372e9e7a202247b48870bc251ed40239aa"},
    {file = "PyYAML-5.4.1-cp37-cp37m-manylinux2014_s390x.whl", hash = "sha256:fe69978f3f768926cfa37b867e3843918e012cf83f680806599ddce33c2c68b0"},
    {file = "PyYAML-5.4.1-cp37-cp37m-win32.whl", hash = "sha256:dd5de0646207f053eb0d6c74ae45ba98c3395a571a2891858e87df7c9b9bd51b"},
    {file = "PyYAML-5.4.1-cp37-cp37m-win_amd64.whl", hash = "sha256:08682f6b72c722394747bddaf0aa62277e02557c0fd1c42cb853016a38f8dedf"},
    {file = "PyYAML-5.4.1-cp38-cp38-macosx_10_9_x86_64.whl", hash = "sha256:d2d9808ea7b4af864f35ea216be506ecec180628aced0704e34aca0b040ffe46"},
    {file = "PyYAML-5.4.1-cp38-cp38-manylinux1_x86_64.whl", hash = "sha256:8c1be557ee92a20f184922c7b6424e8ab6691788e6d86137c5d93c1a6ec1b8fb"},
    {file = "PyYAML-5.4.1-cp38-cp38-manylinux2014_aarch64.whl", hash = "sha256:fd7f6999a8070df521b6384004ef42833b9bd62cfee11a09bda1079b4b704247"},
    {file = "PyYAML-5.4.1-cp38-cp38-manylinux2014_s390x.whl", hash = "sha256:bfb51918d4ff3d77c1c856a9699f8492c612cde32fd3bcd344af9be34999bfdc"},
    {file = "PyYAML-5.4.1-cp38-cp38-win32.whl", hash = "sha256:fa5ae20527d8e831e8230cbffd9f8fe952815b2b7dae6ffec25318803a7528fc"},
    {file = "PyYAML-5.4.1-cp38-cp38-win_amd64.whl", hash = "sha256:0f5f5786c0e09baddcd8b4b45f20a7b5d61a7e7e99846e3c799b05c7c53fa696"},
    {file = "PyYAML-5.4.1-cp39-cp39-macosx_10_9_x86_64.whl", hash = "sha256:294db365efa064d00b8d1ef65d8ea2c3426ac366c0c4368d930bf1c5fb497f77"},
    {file = "PyYAML-5.4.1-cp39-cp39-manylinux1_x86_64.whl", hash = "sha256:74c1485f7707cf707a7aef42ef6322b8f97921bd89be2ab6317fd782c2d53183"},
    {file = "PyYAML-5.4.1-cp39-cp39-manylinux2014_aarch64.whl", hash = "sha256:d483ad4e639292c90170eb6f7783ad19490e7a8defb3e46f97dfe4bacae89122"},
    {file = "PyYAML-5.4.1-cp39-cp39-manylinux2014_s390x.whl", hash = "sha256:fdc842473cd33f45ff6bce46aea678a54e3d21f1b61a7750ce3c498eedfe25d6"},
    {file = "PyYAML-5.4.1-cp39-cp39-win32.whl", hash = "sha256:49d4cdd9065b9b6e206d0595fee27a96b5dd22618e7520c33204a4a3239d5b10"},
    {file = "PyYAML-5.4.1-cp39-cp39-win_amd64.whl", hash = "sha256:c20cfa2d49991c8b4147af39859b167664f2ad4561704ee74c1de03318e898db"},
    {file = "PyYAML-5.4.1.tar.gz", hash = "sha256:607774cbba28732bfa802b54baa7484215f530991055bb562efbed5b2f20a45e"},
]
requests = [
    {file = "requests-2.26.0-py2.py3-none-any.whl", hash = "sha256:6c1246513ecd5ecd4528a0906f910e8f0f9c6b8ec72030dc9fd154dc1a6efd24"},
    {file = "requests-2.26.0.tar.gz", hash = "sha256:b8aa58f8cf793ffd8782d3d8cb19e66ef36f7aba4353eec859e74678b01b07a7"},
]
scikit-learn = [
    {file = "scikit-learn-0.24.2.tar.gz", hash = "sha256:d14701a12417930392cd3898e9646cf5670c190b933625ebe7511b1f7d7b8736"},
    {file = "scikit_learn-0.24.2-cp36-cp36m-macosx_10_13_x86_64.whl", hash = "sha256:d5bf9c863ba4717b3917b5227463ee06860fc43931dc9026747de416c0a10fee"},
    {file = "scikit_learn-0.24.2-cp36-cp36m-manylinux1_i686.whl", hash = "sha256:5beaeb091071625e83f5905192d8aecde65ba2f26f8b6719845bbf586f7a04a1"},
    {file = "scikit_learn-0.24.2-cp36-cp36m-manylinux1_x86_64.whl", hash = "sha256:06ffdcaaf81e2a3b1b50c3ac6842cfb13df2d8b737d61f64643ed61da7389cde"},
    {file = "scikit_learn-0.24.2-cp36-cp36m-manylinux2010_i686.whl", hash = "sha256:fec42690a2eb646b384eafb021c425fab48991587edb412d4db77acc358b27ce"},
    {file = "scikit_learn-0.24.2-cp36-cp36m-manylinux2010_x86_64.whl", hash = "sha256:5ff3e4e4cf7592d36541edec434e09fb8ab9ba6b47608c4ffe30c9038d301897"},
    {file = "scikit_learn-0.24.2-cp36-cp36m-manylinux2014_aarch64.whl", hash = "sha256:3cbd734e1aefc7c5080e6b6973fe062f97c26a1cdf1a991037ca196ce1c8f427"},
    {file = "scikit_learn-0.24.2-cp36-cp36m-win32.whl", hash = "sha256:f74429a07fedb36a03c159332b914e6de757176064f9fed94b5f79ebac07d913"},
    {file = "scikit_learn-0.24.2-cp36-cp36m-win_amd64.whl", hash = "sha256:dd968a174aa82f3341a615a033fa6a8169e9320cbb46130686562db132d7f1f0"},
    {file = "scikit_learn-0.24.2-cp37-cp37m-macosx_10_13_x86_64.whl", hash = "sha256:49ec0b1361da328da9bb7f1a162836028e72556356adeb53342f8fae6b450d47"},
    {file = "scikit_learn-0.24.2-cp37-cp37m-manylinux1_i686.whl", hash = "sha256:f18c3ed484eeeaa43a0d45dc2efb4d00fc6542ccdcfa2c45d7b635096a2ae534"},
    {file = "scikit_learn-0.24.2-cp37-cp37m-manylinux1_x86_64.whl", hash = "sha256:cdf24c1b9bbeb4936456b42ac5bd32c60bb194a344951acb6bfb0cddee5439a4"},
    {file = "scikit_learn-0.24.2-cp37-cp37m-manylinux2010_i686.whl", hash = "sha256:d177fe1ff47cc235942d628d41ee5b1c6930d8f009f1a451c39b5411e8d0d4cf"},
    {file = "scikit_learn-0.24.2-cp37-cp37m-manylinux2010_x86_64.whl", hash = "sha256:f3ec00f023d84526381ad0c0f2cff982852d035c921bbf8ceb994f4886c00c64"},
    {file = "scikit_learn-0.24.2-cp37-cp37m-manylinux2014_aarch64.whl", hash = "sha256:ae19ac105cf7ce8c205a46166992fdec88081d6e783ab6e38ecfbe45729f3c39"},
    {file = "scikit_learn-0.24.2-cp37-cp37m-win32.whl", hash = "sha256:f0ed4483c258fb23150e31b91ea7d25ff8495dba108aea0b0d4206a777705350"},
    {file = "scikit_learn-0.24.2-cp37-cp37m-win_amd64.whl", hash = "sha256:39b7e3b71bcb1fe46397185d6c1a5db1c441e71c23c91a31e7ad8cc3f7305f9a"},
    {file = "scikit_learn-0.24.2-cp38-cp38-macosx_10_13_x86_64.whl", hash = "sha256:90a297330f608adeb4d2e9786c6fda395d3150739deb3d42a86d9a4c2d15bc1d"},
    {file = "scikit_learn-0.24.2-cp38-cp38-manylinux1_i686.whl", hash = "sha256:f1d2108e770907540b5248977e4cff9ffaf0f73d0d13445ee938df06ca7579c6"},
    {file = "scikit_learn-0.24.2-cp38-cp38-manylinux1_x86_64.whl", hash = "sha256:1eec963fe9ffc827442c2e9333227c4d49749a44e592f305398c1db5c1563393"},
    {file = "scikit_learn-0.24.2-cp38-cp38-manylinux2010_i686.whl", hash = "sha256:2db429090b98045d71218a9ba913cc9b3fe78e0ba0b6b647d8748bc6d5a44080"},
    {file = "scikit_learn-0.24.2-cp38-cp38-manylinux2010_x86_64.whl", hash = "sha256:62214d2954377fcf3f31ec867dd4e436df80121e7a32947a0b3244f58f45e455"},
    {file = "scikit_learn-0.24.2-cp38-cp38-manylinux2014_aarch64.whl", hash = "sha256:8fac72b9688176922f9f54fda1ba5f7ffd28cbeb9aad282760186e8ceba9139a"},
    {file = "scikit_learn-0.24.2-cp38-cp38-win32.whl", hash = "sha256:ae426e3a52842c6b6d77d00f906b6031c8c2cfdfabd6af7511bb4bc9a68d720e"},
    {file = "scikit_learn-0.24.2-cp38-cp38-win_amd64.whl", hash = "sha256:038f4e9d6ef10e1f3fe82addc3a14735c299866eb10f2c77c090410904828312"},
    {file = "scikit_learn-0.24.2-cp39-cp39-macosx_10_13_x86_64.whl", hash = "sha256:48f273836e19901ba2beecd919f7b352f09310ce67c762f6e53bc6b81cacf1f0"},
    {file = "scikit_learn-0.24.2-cp39-cp39-manylinux1_i686.whl", hash = "sha256:a2a47449093dcf70babc930beba2ca0423cb7df2fa5fd76be5260703d67fa574"},
    {file = "scikit_learn-0.24.2-cp39-cp39-manylinux1_x86_64.whl", hash = "sha256:0e71ce9c7cbc20f6f8b860107ce15114da26e8675238b4b82b7e7cd37ca0c087"},
    {file = "scikit_learn-0.24.2-cp39-cp39-manylinux2010_i686.whl", hash = "sha256:2754c85b2287333f9719db7f23fb7e357f436deed512db3417a02bf6f2830aa5"},
    {file = "scikit_learn-0.24.2-cp39-cp39-manylinux2010_x86_64.whl", hash = "sha256:7be1b88c23cfac46e06404582215a917017cd2edaa2e4d40abe6aaff5458f24b"},
    {file = "scikit_learn-0.24.2-cp39-cp39-manylinux2014_aarch64.whl", hash = "sha256:4e6198675a6f9d333774671bd536668680eea78e2e81c0b19e57224f58d17f37"},
    {file = "scikit_learn-0.24.2-cp39-cp39-win32.whl", hash = "sha256:cbdb0b3db99dd1d5f69d31b4234367d55475add31df4d84a3bd690ef017b55e2"},
    {file = "scikit_learn-0.24.2-cp39-cp39-win_amd64.whl", hash = "sha256:40556bea1ef26ef54bc678d00cf138a63069144a0b5f3a436eecd8f3468b903e"},
]
scipy = [
    {file = "scipy-1.7.1-cp37-cp37m-macosx_10_9_x86_64.whl", hash = "sha256:2a0eeaab01258e0870c4022a6cd329aef3b7c6c2b606bd7cf7bb2ba9820ae561"},
    {file = "scipy-1.7.1-cp37-cp37m-manylinux_2_17_aarch64.manylinux2014_aarch64.whl", hash = "sha256:3f52470e0548cdb74fb8ddf06773ffdcca7c97550f903b1c51312ec19243a7f7"},
    {file = "scipy-1.7.1-cp37-cp37m-manylinux_2_5_i686.manylinux1_i686.whl", hash = "sha256:787749110a23502031fb1643c55a2236c99c6b989cca703ea2114d65e21728ef"},
    {file = "scipy-1.7.1-cp37-cp37m-manylinux_2_5_x86_64.manylinux1_x86_64.whl", hash = "sha256:3304bd5bc32e00954ac4b3f4cc382ca8824719bf348aacbec6347337d6b125fe"},
    {file = "scipy-1.7.1-cp37-cp37m-win32.whl", hash = "sha256:d1388fbac9dd591ea630da75c455f4cc637a7ca5ecb31a6b6cef430914749cde"},
    {file = "scipy-1.7.1-cp37-cp37m-win_amd64.whl", hash = "sha256:d648aa85dd5074b1ed83008ae987c3fbb53d68af619fce1dee231f4d8bd40e2f"},
    {file = "scipy-1.7.1-cp38-cp38-macosx_10_9_x86_64.whl", hash = "sha256:bc61e3e5ff92d2f32bb263621d54a9cff5e3f7c420af3d1fa122ce2529de2bd9"},
    {file = "scipy-1.7.1-cp38-cp38-manylinux_2_17_aarch64.manylinux2014_aarch64.whl", hash = "sha256:a496b42dbcd04ea9924f5e92be63af3d8e0f43a274b769bfaca0a297327d54ee"},
    {file = "scipy-1.7.1-cp38-cp38-manylinux_2_5_i686.manylinux1_i686.whl", hash = "sha256:d13f31457f2216e5705304d9f28e2826edf75487410a57aa99263fa4ffd792c2"},
    {file = "scipy-1.7.1-cp38-cp38-manylinux_2_5_x86_64.manylinux1_x86_64.whl", hash = "sha256:90c07ba5f34f33299a428b0d4fa24c30d2ceba44d63f8385b2b05be460819fcb"},
    {file = "scipy-1.7.1-cp38-cp38-win32.whl", hash = "sha256:efdd3825d54c58df2cc394366ca4b9166cf940a0ebddeb87b6c10053deb625ea"},
    {file = "scipy-1.7.1-cp38-cp38-win_amd64.whl", hash = "sha256:71cfc96297617eab911e22216e8a8597703202e95636d9406df9af5c2ac99a2b"},
    {file = "scipy-1.7.1-cp39-cp39-macosx_10_9_x86_64.whl", hash = "sha256:4ee952f39a4a4c7ba775a32b664b1f4b74818548b65f765987adc14bb78f5802"},
    {file = "scipy-1.7.1-cp39-cp39-manylinux_2_17_aarch64.manylinux2014_aarch64.whl", hash = "sha256:611f9cb459d0707dd8e4de0c96f86e93f61aac7475fcb225e9ec71fecdc5cebf"},
    {file = "scipy-1.7.1-cp39-cp39-manylinux_2_5_i686.manylinux1_i686.whl", hash = "sha256:e101bceeb9e65a90dadbc5ca31283403a2d4667b9c178db29109750568e8d112"},
    {file = "scipy-1.7.1-cp39-cp39-manylinux_2_5_x86_64.manylinux1_x86_64.whl", hash = "sha256:4729b41a4cdaf4cd011aeac816b532f990bdf97710cef59149d3e293115cf467"},
    {file = "scipy-1.7.1-cp39-cp39-win32.whl", hash = "sha256:c9951e3746b68974125e5e3445008a4163dd6d20ae0bbdae22b38cb8951dc11b"},
    {file = "scipy-1.7.1-cp39-cp39-win_amd64.whl", hash = "sha256:da9c6b336e540def0b7fd65603da8abeb306c5fc9a5f4238665cbbb5ff95cf58"},
    {file = "scipy-1.7.1.tar.gz", hash = "sha256:6b47d5fa7ea651054362561a28b1ccc8da9368a39514c1bbf6c0977a1c376764"},
]
six = [
    {file = "six-1.16.0-py2.py3-none-any.whl", hash = "sha256:8abb2f1d86890a2dfb989f9a77cfcfd3e47c2a354b01111771326f8aa26e0254"},
    {file = "six-1.16.0.tar.gz", hash = "sha256:1e61c37477a1626458e36f7b1d82aa5c9b094fa4802892072e49de9c60c4c926"},
]
threadpoolctl = [
    {file = "threadpoolctl-2.2.0-py3-none-any.whl", hash = "sha256:e5a995e3ffae202758fa8a90082e35783b9370699627ae2733cd1c3a73553616"},
    {file = "threadpoolctl-2.2.0.tar.gz", hash = "sha256:86d4b6801456d780e94681d155779058759eaef3c3564758b17b6c99db5f81cb"},
]
urllib3 = [
    {file = "urllib3-1.26.6-py2.py3-none-any.whl", hash = "sha256:39fb8672126159acb139a7718dd10806104dec1e2f0f6c88aab05d17df10c8d4"},
    {file = "urllib3-1.26.6.tar.gz", hash = "sha256:f57b4c16c62fa2760b7e3d97c35b255512fb6b59a259730f36ba32ce9f8e342f"},
]
